// !$*UTF8*$!
{
	archiveVersion = 1;
	classes = {
	};
	objectVersion = 50;
	objects = {

/* Begin PBXBuildFile section */
		E73BECC52108836600E30792 /* AppDelegate.swift in Sources */ = {isa = PBXBuildFile; fileRef = E73BECC42108836600E30792 /* AppDelegate.swift */; };
		E73BECC72108836600E30792 /* GameScene.sks in Resources */ = {isa = PBXBuildFile; fileRef = E73BECC62108836600E30792 /* GameScene.sks */; };
		E73BECC92108836600E30792 /* Actions.sks in Resources */ = {isa = PBXBuildFile; fileRef = E73BECC82108836600E30792 /* Actions.sks */; };
		E73BECCB2108836600E30792 /* GameScene.swift in Sources */ = {isa = PBXBuildFile; fileRef = E73BECCA2108836600E30792 /* GameScene.swift */; };
		E73BECCD2108836600E30792 /* GameViewController.swift in Sources */ = {isa = PBXBuildFile; fileRef = E73BECCC2108836600E30792 /* GameViewController.swift */; };
		E73BECD02108836600E30792 /* Main.storyboard in Resources */ = {isa = PBXBuildFile; fileRef = E73BECCE2108836600E30792 /* Main.storyboard */; };
		E73BECD22108836700E30792 /* Assets.xcassets in Resources */ = {isa = PBXBuildFile; fileRef = E73BECD12108836700E30792 /* Assets.xcassets */; };
		E73BECD52108836700E30792 /* LaunchScreen.storyboard in Resources */ = {isa = PBXBuildFile; fileRef = E73BECD32108836700E30792 /* LaunchScreen.storyboard */; };
/* End PBXBuildFile section */

/* Begin PBXFileReference section */
		E73BECC12108836600E30792 /* 4-1.app */ = {isa = PBXFileReference; explicitFileType = wrapper.application; includeInIndex = 0; path = "4-1.app"; sourceTree = BUILT_PRODUCTS_DIR; };
		E73BECC42108836600E30792 /* AppDelegate.swift */ = {isa = PBXFileReference; lastKnownFileType = sourcecode.swift; path = AppDelegate.swift; sourceTree = "<group>"; };
		E73BECC62108836600E30792 /* GameScene.sks */ = {isa = PBXFileReference; lastKnownFileType = file.sks; path = GameScene.sks; sourceTree = "<group>"; };
		E73BECC82108836600E30792 /* Actions.sks */ = {isa = PBXFileReference; lastKnownFileType = file.sks; path = Actions.sks; sourceTree = "<group>"; };
		E73BECCA2108836600E30792 /* GameScene.swift */ = {isa = PBXFileReference; lastKnownFileType = sourcecode.swift; path = GameScene.swift; sourceTree = "<group>"; };
		E73BECCC2108836600E30792 /* GameViewController.swift */ = {isa = PBXFileReference; lastKnownFileType = sourcecode.swift; path = GameViewController.swift; sourceTree = "<group>"; };
		E73BECCF2108836600E30792 /* Base */ = {isa = PBXFileReference; lastKnownFileType = file.storyboard; name = Base; path = Base.lproj/Main.storyboard; sourceTree = "<group>"; };
		E73BECD12108836700E30792 /* Assets.xcassets */ = {isa = PBXFileReference; lastKnownFileType = folder.assetcatalog; path = Assets.xcassets; sourceTree = "<group>"; };
		E73BECD42108836700E30792 /* Base */ = {isa = PBXFileReference; lastKnownFileType = file.storyboard; name = Base; path = Base.lproj/LaunchScreen.storyboard; sourceTree = "<group>"; };
		E73BECD62108836700E30792 /* Info.plist */ = {isa = PBXFileReference; lastKnownFileType = text.plist.xml; path = Info.plist; sourceTree = "<group>"; };
/* End PBXFileReference section */

/* Begin PBXFrameworksBuildPhase section */
		E73BECBE2108836600E30792 /* Frameworks */ = {
			isa = PBXFrameworksBuildPhase;
			buildActionMask = 2147483647;
			files = (
			);
			runOnlyForDeploymentPostprocessing = 0;
		};
/* End PBXFrameworksBuildPhase section */

/* Begin PBXGroup section */
		E73BECB82108836600E30792 = {
			isa = PBXGroup;
			children = (
				E73BECC32108836600E30792 /* 4-1 */,
				E73BECC22108836600E30792 /* Products */,
			);
			sourceTree = "<group>";
		};
		E73BECC22108836600E30792 /* Products */ = {
			isa = PBXGroup;
			children = (
				E73BECC12108836600E30792 /* 4-1.app */,
			);
			name = Products;
			sourceTree = "<group>";
		};
		E73BECC32108836600E30792 /* 4-1 */ = {
			isa = PBXGroup;
			children = (
				E73BECC42108836600E30792 /* AppDelegate.swift */,
				E73BECC62108836600E30792 /* GameScene.sks */,
				E73BECC82108836600E30792 /* Actions.sks */,
				E73BECCA2108836600E30792 /* GameScene.swift */,
				E73BECCC2108836600E30792 /* GameViewController.swift */,
				E73BECCE2108836600E30792 /* Main.storyboard */,
				E73BECD12108836700E30792 /* Assets.xcassets */,
				E73BECD32108836700E30792 /* LaunchScreen.storyboard */,
				E73BECD62108836700E30792 /* Info.plist */,
			);
			path = "4-1";
			sourceTree = "<group>";
		};
/* End PBXGroup section */

/* Begin PBXNativeTarget section */
		E73BECC02108836600E30792 /* 4-1 */ = {
			isa = PBXNativeTarget;
			buildConfigurationList = E73BECD92108836700E30792 /* Build configuration list for PBXNativeTarget "4-1" */;
			buildPhases = (
				E73BECBD2108836600E30792 /* Sources */,
				E73BECBE2108836600E30792 /* Frameworks */,
				E73BECBF2108836600E30792 /* Resources */,
			);
			buildRules = (
			);
			dependencies = (
			);
			name = "4-1";
			productName = "4-1";
			productReference = E73BECC12108836600E30792 /* 4-1.app */;
			productType = "com.apple.product-type.application";
		};
/* End PBXNativeTarget section */

/* Begin PBXProject section */
		E73BECB92108836600E30792 /* Project object */ = {
			isa = PBXProject;
			attributes = {
				LastSwiftUpdateCheck = 1000;
				LastUpgradeCheck = 1000;
				ORGANIZATIONNAME = gmy;
				TargetAttributes = {
					E73BECC02108836600E30792 = {
						CreatedOnToolsVersion = 10.0;
					};
				};
			};
			buildConfigurationList = E73BECBC2108836600E30792 /* Build configuration list for PBXProject "4-1" */;
			compatibilityVersion = "Xcode 9.3";
			developmentRegion = en;
			hasScannedForEncodings = 0;
			knownRegions = (
				en,
				Base,
			);
			mainGroup = E73BECB82108836600E30792;
			productRefGroup = E73BECC22108836600E30792 /* Products */;
			projectDirPath = "";
			projectRoot = "";
			targets = (
				E73BECC02108836600E30792 /* 4-1 */,
			);
		};
/* End PBXProject section */

/* Begin PBXResourcesBuildPhase section */
		E73BECBF2108836600E30792 /* Resources */ = {
			isa = PBXResourcesBuildPhase;
			buildActionMask = 2147483647;
			files = (
				E73BECD02108836600E30792 /* Main.storyboard in Resources */,
				E73BECC72108836600E30792 /* GameScene.sks in Resources */,
				E73BECD22108836700E30792 /* Assets.xcassets in Resources */,
				E73BECD52108836700E30792 /* LaunchScreen.storyboard in Resources */,
				E73BECC92108836600E30792 /* Actions.sks in Resources */,
			);
			runOnlyForDeploymentPostprocessing = 0;
		};
/* End PBXResourcesBuildPhase section */

/* Begin PBXSourcesBuildPhase section */
		E73BECBD2108836600E30792 /* Sources */ = {
			isa = PBXSourcesBuildPhase;
			buildActionMask = 2147483647;
			files = (
				E73BECCB2108836600E30792 /* GameScene.swift in Sources */,
				E73BECCD2108836600E30792 /* GameViewController.swift in Sources */,
				E73BECC52108836600E30792 /* AppDelegate.swift in Sources */,
			);
			runOnlyForDeploymentPostprocessing = 0;
		};
/* End PBXSourcesBuildPhase section */

/* Begin PBXVariantGroup section */
		E73BECCE2108836600E30792 /* Main.storyboard */ = {
			isa = PBXVariantGroup;
			children = (
				E73BECCF2108836600E30792 /* Base */,
			);
			name = Main.storyboard;
			sourceTree = "<group>";
		};
		E73BECD32108836700E30792 /* LaunchScreen.storyboard */ = {
			isa = PBXVariantGroup;
			children = (
				E73BECD42108836700E30792 /* Base */,
			);
			name = LaunchScreen.storyboard;
			sourceTree = "<group>";
		};
/* End PBXVariantGroup section */

/* Begin XCBuildConfiguration section */
		E73BECD72108836700E30792 /* Debug */ = {
			isa = XCBuildConfiguration;
			buildSettings = {
				ALWAYS_SEARCH_USER_PATHS = NO;
				CLANG_ANALYZER_NONNULL = YES;
				CLANG_ANALYZER_NUMBER_OBJECT_CONVERSION = YES_AGGRESSIVE;
				CLANG_CXX_LANGUAGE_STANDARD = "gnu++14";
				CLANG_CXX_LIBRARY = "libc++";
				CLANG_ENABLE_MODULES = YES;
				CLANG_ENABLE_OBJC_ARC = YES;
				CLANG_ENABLE_OBJC_WEAK = YES;
				CLANG_WARN_BLOCK_CAPTURE_AUTORELEASING = YES;
				CLANG_WARN_BOOL_CONVERSION = YES;
				CLANG_WARN_COMMA = YES;
				CLANG_WARN_CONSTANT_CONVERSION = YES;
				CLANG_WARN_DEPRECATED_OBJC_IMPLEMENTATIONS = YES;
				CLANG_WARN_DIRECT_OBJC_ISA_USAGE = YES_ERROR;
				CLANG_WARN_DOCUMENTATION_COMMENTS = YES;
				CLANG_WARN_EMPTY_BODY = YES;
				CLANG_WARN_ENUM_CONVERSION = YES;
				CLANG_WARN_INFINITE_RECURSION = YES;
				CLANG_WARN_INT_CONVERSION = YES;
				CLANG_WARN_NON_LITERAL_NULL_CONVERSION = YES;
				CLANG_WARN_OBJC_IMPLICIT_RETAIN_SELF = YES;
				CLANG_WARN_OBJC_LITERAL_CONVERSION = YES;
				CLANG_WARN_OBJC_ROOT_CLASS = YES_ERROR;
				CLANG_WARN_RANGE_LOOP_ANALYSIS = YES;
				CLANG_WARN_STRICT_PROTOTYPES = YES;
				CLANG_WARN_SUSPICIOUS_MOVE = YES;
				CLANG_WARN_UNGUARDED_AVAILABILITY = YES_AGGRESSIVE;
				CLANG_WARN_UNREACHABLE_CODE = YES;
				CLANG_WARN__DUPLICATE_METHOD_MATCH = YES;
				CODE_SIGN_IDENTITY = "iPhone Developer";
				COPY_PHASE_STRIP = NO;
				DEBUG_INFORMATION_FORMAT = dwarf;
				ENABLE_STRICT_OBJC_MSGSEND = YES;
				ENABLE_TESTABILITY = YES;
				GCC_C_LANGUAGE_STANDARD = gnu11;
				GCC_DYNAMIC_NO_PIC = NO;
				GCC_NO_COMMON_BLOCKS = YES;
				GCC_OPTIMIZATION_LEVEL = 0;
				GCC_PREPROCESSOR_DEFINITIONS = (
					"DEBUG=1",
					"$(inherited)",
				);
				GCC_WARN_64_TO_32_BIT_CONVERSION = YES;
				GCC_WARN_ABOUT_RETURN_TYPE = YES_ERROR;
				GCC_WARN_UNDECLARED_SELECTOR = YES;
				GCC_WARN_UNINITIALIZED_AUTOS = YES_AGGRESSIVE;
				GCC_WARN_UNUSED_FUNCTION = YES;
				GCC_WARN_UNUSED_VARIABLE = YES;
				IPHONEOS_DEPLOYMENT_TARGET = 12.0;
				MTL_ENABLE_DEBUG_INFO = INCLUDE_SOURCE;
				MTL_FAST_MATH = YES;
				ONLY_ACTIVE_ARCH = YES;
				SDKROOT = iphoneos;
				SWIFT_ACTIVE_COMPILATION_CONDITIONS = DEBUG;
				SWIFT_OPTIMIZATION_LEVEL = "-Onone";
			};
			name = Debug;
		};
		E73BECD82108836700E30792 /* Release */ = {
			isa = XCBuildConfiguration;
			buildSettings = {
				ALWAYS_SEARCH_USER_PATHS = NO;
				CLANG_ANALYZER_NONNULL = YES;
				CLANG_ANALYZER_NUMBER_OBJECT_CONVERSION = YES_AGGRESSIVE;
				CLANG_CXX_LANGUAGE_STANDARD = "gnu++14";
				CLANG_CXX_LIBRARY = "libc++";
				CLANG_ENABLE_MODULES = YES;
				CLANG_ENABLE_OBJC_ARC = YES;
				CLANG_ENABLE_OBJC_WEAK = YES;
				CLANG_WARN_BLOCK_CAPTURE_AUTORELEASING = YES;
				CLANG_WARN_BOOL_CONVERSION = YES;
				CLANG_WARN_COMMA = YES;
				CLANG_WARN_CONSTANT_CONVERSION = YES;
				CLANG_WARN_DEPRECATED_OBJC_IMPLEMENTATIONS = YES;
				CLANG_WARN_DIRECT_OBJC_ISA_USAGE = YES_ERROR;
				CLANG_WARN_DOCUMENTATION_COMMENTS = YES;
				CLANG_WARN_EMPTY_BODY = YES;
				CLANG_WARN_ENUM_CONVERSION = YES;
				CLANG_WARN_INFINITE_RECURSION = YES;
				CLANG_WARN_INT_CONVERSION = YES;
				CLANG_WARN_NON_LITERAL_NULL_CONVERSION = YES;
				CLANG_WARN_OBJC_IMPLICIT_RETAIN_SELF = YES;
				CLANG_WARN_OBJC_LITERAL_CONVERSION = YES;
				CLANG_WARN_OBJC_ROOT_CLASS = YES_ERROR;
				CLANG_WARN_RANGE_LOOP_ANALYSIS = YES;
				CLANG_WARN_STRICT_PROTOTYPES = YES;
				CLANG_WARN_SUSPICIOUS_MOVE = YES;
				CLANG_WARN_UNGUARDED_AVAILABILITY = YES_AGGRESSIVE;
				CLANG_WARN_UNREACHABLE_CODE = YES;
				CLANG_WARN__DUPLICATE_METHOD_MATCH = YES;
				CODE_SIGN_IDENTITY = "iPhone Developer";
				COPY_PHASE_STRIP = NO;
				DEBUG_INFORMATION_FORMAT = "dwarf-with-dsym";
				ENABLE_NS_ASSERTIONS = NO;
				ENABLE_STRICT_OBJC_MSGSEND = YES;
				GCC_C_LANGUAGE_STANDARD = gnu11;
				GCC_NO_COMMON_BLOCKS = YES;
				GCC_WARN_64_TO_32_BIT_CONVERSION = YES;
				GCC_WARN_ABOUT_RETURN_TYPE = YES_ERROR;
				GCC_WARN_UNDECLARED_SELECTOR = YES;
				GCC_WARN_UNINITIALIZED_AUTOS = YES_AGGRESSIVE;
				GCC_WARN_UNUSED_FUNCTION = YES;
				GCC_WARN_UNUSED_VARIABLE = YES;
				IPHONEOS_DEPLOYMENT_TARGET = 12.0;
				MTL_ENABLE_DEBUG_INFO = NO;
				MTL_FAST_MATH = YES;
				SDKROOT = iphoneos;
				SWIFT_COMPILATION_MODE = wholemodule;
				SWIFT_OPTIMIZATION_LEVEL = "-O";
				VALIDATE_PRODUCT = YES;
			};
			name = Release;
		};
		E73BECDA2108836700E30792 /* Debug */ = {
			isa = XCBuildConfiguration;
			buildSettings = {
				ASSETCATALOG_COMPILER_APPICON_NAME = AppIcon;
				CODE_SIGN_STYLE = Automatic;
				DEVELOPMENT_TEAM = DPPRCK5VXT;
				INFOPLIST_FILE = "4-1/Info.plist";
				LD_RUNPATH_SEARCH_PATHS = (
					"$(inherited)",
					"@executable_path/Frameworks",
				);
				PRODUCT_BUNDLE_IDENTIFIER = com.yhmtkj.property;
				PRODUCT_NAME = "$(TARGET_NAME)";
				SWIFT_VERSION = 4.2;
				TARGETED_DEVICE_FAMILY = "1,2";
			};
			name = Debug;
		};
		E73BECDB2108836700E30792 /* Release */ = {
			isa = XCBuildConfiguration;
			buildSettings = {
				ASSETCATALOG_COMPILER_APPICON_NAME = AppIcon;
				CODE_SIGN_STYLE = Automatic;
				DEVELOPMENT_TEAM = DPPRCK5VXT;
				INFOPLIST_FILE = "4-1/Info.plist";
				LD_RUNPATH_SEARCH_PATHS = (
					"$(inherited)",
					"@executable_path/Frameworks",
				);
				PRODUCT_BUNDLE_IDENTIFIER = com.yhmtkj.property;
				PRODUCT_NAME = "$(TARGET_NAME)";
				SWIFT_VERSION = 4.2;
				TARGETED_DEVICE_FAMILY = "1,2";
			};
			name = Release;
		};
/* End XCBuildConfiguration section */

/* Begin XCConfigurationList section */
		E73BECBC2108836600E30792 /* Build configuration list for PBXProject "4-1" */ = {
			isa = XCConfigurationList;
			buildConfigurations = (
				E73BECD72108836700E30792 /* Debug */,
				E73BECD82108836700E30792 /* Release */,
			);
			defaultConfigurationIsVisible = 0;
			defaultConfigurationName = Release;
		};
		E73BECD92108836700E30792 /* Build configuration list for PBXNativeTarget "4-1" */ = {
			isa = XCConfigurationList;
			buildConfigurations = (
				E73BECDA2108836700E30792 /* Debug */,
				E73BECDB2108836700E30792 /* Release */,
			);
			defaultConfigurationIsVisible = 0;
			defaultConfigurationName = Release;
		};
/* End XCConfigurationList section */
	};
	rootObject = E73BECB92108836600E30792 /* Project object */;
}
