// !$*UTF8*$!
{
	archiveVersion = 1;
	classes = {
	};
	objectVersion = 50;
	objects = {

/* Begin PBXBuildFile section */
		E79B1F012108534A008FB53F /* AppDelegate.swift in Sources */ = {isa = PBXBuildFile; fileRef = E79B1F002108534A008FB53F /* AppDelegate.swift */; };
		E79B1F032108534A008FB53F /* GameScene.sks in Resources */ = {isa = PBXBuildFile; fileRef = E79B1F022108534A008FB53F /* GameScene.sks */; };
		E79B1F052108534A008FB53F /* Actions.sks in Resources */ = {isa = PBXBuildFile; fileRef = E79B1F042108534A008FB53F /* Actions.sks */; };
		E79B1F072108534A008FB53F /* GameScene.swift in Sources */ = {isa = PBXBuildFile; fileRef = E79B1F062108534A008FB53F /* GameScene.swift */; };
		E79B1F092108534A008FB53F /* GameViewController.swift in Sources */ = {isa = PBXBuildFile; fileRef = E79B1F082108534A008FB53F /* GameViewController.swift */; };
		E79B1F0C2108534A008FB53F /* Main.storyboard in Resources */ = {isa = PBXBuildFile; fileRef = E79B1F0A2108534A008FB53F /* Main.storyboard */; };
		E79B1F0E2108534A008FB53F /* Assets.xcassets in Resources */ = {isa = PBXBuildFile; fileRef = E79B1F0D2108534A008FB53F /* Assets.xcassets */; };
		E79B1F112108534A008FB53F /* LaunchScreen.storyboard in Resources */ = {isa = PBXBuildFile; fileRef = E79B1F0F2108534A008FB53F /* LaunchScreen.storyboard */; };
/* End PBXBuildFile section */

/* Begin PBXFileReference section */
		E79B1EFD2108534A008FB53F /* 3-2.app */ = {isa = PBXFileReference; explicitFileType = wrapper.application; includeInIndex = 0; path = "3-2.app"; sourceTree = BUILT_PRODUCTS_DIR; };
		E79B1F002108534A008FB53F /* AppDelegate.swift */ = {isa = PBXFileReference; lastKnownFileType = sourcecode.swift; path = AppDelegate.swift; sourceTree = "<group>"; };
		E79B1F022108534A008FB53F /* GameScene.sks */ = {isa = PBXFileReference; lastKnownFileType = file.sks; path = GameScene.sks; sourceTree = "<group>"; };
		E79B1F042108534A008FB53F /* Actions.sks */ = {isa = PBXFileReference; lastKnownFileType = file.sks; path = Actions.sks; sourceTree = "<group>"; };
		E79B1F062108534A008FB53F /* GameScene.swift */ = {isa = PBXFileReference; lastKnownFileType = sourcecode.swift; path = GameScene.swift; sourceTree = "<group>"; };
		E79B1F082108534A008FB53F /* GameViewController.swift */ = {isa = PBXFileReference; lastKnownFileType = sourcecode.swift; path = GameViewController.swift; sourceTree = "<group>"; };
		E79B1F0B2108534A008FB53F /* Base */ = {isa = PBXFileReference; lastKnownFileType = file.storyboard; name = Base; path = Base.lproj/Main.storyboard; sourceTree = "<group>"; };
		E79B1F0D2108534A008FB53F /* Assets.xcassets */ = {isa = PBXFileReference; lastKnownFileType = folder.assetcatalog; path = Assets.xcassets; sourceTree = "<group>"; };
		E79B1F102108534A008FB53F /* Base */ = {isa = PBXFileReference; lastKnownFileType = file.storyboard; name = Base; path = Base.lproj/LaunchScreen.storyboard; sourceTree = "<group>"; };
		E79B1F122108534A008FB53F /* Info.plist */ = {isa = PBXFileReference; lastKnownFileType = text.plist.xml; path = Info.plist; sourceTree = "<group>"; };
/* End PBXFileReference section */

/* Begin PBXFrameworksBuildPhase section */
		E79B1EFA2108534A008FB53F /* Frameworks */ = {
			isa = PBXFrameworksBuildPhase;
			buildActionMask = 2147483647;
			files = (
			);
			runOnlyForDeploymentPostprocessing = 0;
		};
/* End PBXFrameworksBuildPhase section */

/* Begin PBXGroup section */
		E79B1EF42108534A008FB53F = {
			isa = PBXGroup;
			children = (
				E79B1EFF2108534A008FB53F /* 3-2 */,
				E79B1EFE2108534A008FB53F /* Products */,
			);
			sourceTree = "<group>";
		};
		E79B1EFE2108534A008FB53F /* Products */ = {
			isa = PBXGroup;
			children = (
				E79B1EFD2108534A008FB53F /* 3-2.app */,
			);
			name = Products;
			sourceTree = "<group>";
		};
		E79B1EFF2108534A008FB53F /* 3-2 */ = {
			isa = PBXGroup;
			children = (
				E79B1F002108534A008FB53F /* AppDelegate.swift */,
				E79B1F022108534A008FB53F /* GameScene.sks */,
				E79B1F042108534A008FB53F /* Actions.sks */,
				E79B1F062108534A008FB53F /* GameScene.swift */,
				E79B1F082108534A008FB53F /* GameViewController.swift */,
				E79B1F0A2108534A008FB53F /* Main.storyboard */,
				E79B1F0D2108534A008FB53F /* Assets.xcassets */,
				E79B1F0F2108534A008FB53F /* LaunchScreen.storyboard */,
				E79B1F122108534A008FB53F /* Info.plist */,
			);
			path = "3-2";
			sourceTree = "<group>";
		};
/* End PBXGroup section */

/* Begin PBXNativeTarget section */
		E79B1EFC2108534A008FB53F /* 3-2 */ = {
			isa = PBXNativeTarget;
			buildConfigurationList = E79B1F152108534A008FB53F /* Build configuration list for PBXNativeTarget "3-2" */;
			buildPhases = (
				E79B1EF92108534A008FB53F /* Sources */,
				E79B1EFA2108534A008FB53F /* Frameworks */,
				E79B1EFB2108534A008FB53F /* Resources */,
			);
			buildRules = (
			);
			dependencies = (
			);
			name = "3-2";
			productName = "3-2";
			productReference = E79B1EFD2108534A008FB53F /* 3-2.app */;
			productType = "com.apple.product-type.application";
		};
/* End PBXNativeTarget section */

/* Begin PBXProject section */
		E79B1EF52108534A008FB53F /* Project object */ = {
			isa = PBXProject;
			attributes = {
				LastSwiftUpdateCheck = 1000;
				LastUpgradeCheck = 1000;
				ORGANIZATIONNAME = gmy;
				TargetAttributes = {
					E79B1EFC2108534A008FB53F = {
						CreatedOnToolsVersion = 10.0;
					};
				};
			};
			buildConfigurationList = E79B1EF82108534A008FB53F /* Build configuration list for PBXProject "3-2" */;
			compatibilityVersion = "Xcode 9.3";
			developmentRegion = en;
			hasScannedForEncodings = 0;
			knownRegions = (
				en,
				Base,
			);
			mainGroup = E79B1EF42108534A008FB53F;
			productRefGroup = E79B1EFE2108534A008FB53F /* Products */;
			projectDirPath = "";
			projectRoot = "";
			targets = (
				E79B1EFC2108534A008FB53F /* 3-2 */,
			);
		};
/* End PBXProject section */

/* Begin PBXResourcesBuildPhase section */
		E79B1EFB2108534A008FB53F /* Resources */ = {
			isa = PBXResourcesBuildPhase;
			buildActionMask = 2147483647;
			files = (
				E79B1F0C2108534A008FB53F /* Main.storyboard in Resources */,
				E79B1F032108534A008FB53F /* GameScene.sks in Resources */,
				E79B1F0E2108534A008FB53F /* Assets.xcassets in Resources */,
				E79B1F112108534A008FB53F /* LaunchScreen.storyboard in Resources */,
				E79B1F052108534A008FB53F /* Actions.sks in Resources */,
			);
			runOnlyForDeploymentPostprocessing = 0;
		};
/* End PBXResourcesBuildPhase section */

/* Begin PBXSourcesBuildPhase section */
		E79B1EF92108534A008FB53F /* Sources */ = {
			isa = PBXSourcesBuildPhase;
			buildActionMask = 2147483647;
			files = (
				E79B1F072108534A008FB53F /* GameScene.swift in Sources */,
				E79B1F092108534A008FB53F /* GameViewController.swift in Sources */,
				E79B1F012108534A008FB53F /* AppDelegate.swift in Sources */,
			);
			runOnlyForDeploymentPostprocessing = 0;
		};
/* End PBXSourcesBuildPhase section */

/* Begin PBXVariantGroup section */
		E79B1F0A2108534A008FB53F /* Main.storyboard */ = {
			isa = PBXVariantGroup;
			children = (
				E79B1F0B2108534A008FB53F /* Base */,
			);
			name = Main.storyboard;
			sourceTree = "<group>";
		};
		E79B1F0F2108534A008FB53F /* LaunchScreen.storyboard */ = {
			isa = PBXVariantGroup;
			children = (
				E79B1F102108534A008FB53F /* Base */,
			);
			name = LaunchScreen.storyboard;
			sourceTree = "<group>";
		};
/* End PBXVariantGroup section */

/* Begin XCBuildConfiguration section */
		E79B1F132108534A008FB53F /* Debug */ = {
			isa = XCBuildConfiguration;
			buildSettings = {
				ALWAYS_SEARCH_USER_PATHS = NO;
				CLANG_ANALYZER_NONNULL = YES;
				CLANG_ANALYZER_NUMBER_OBJECT_CONVERSION = YES_AGGRESSIVE;
				CLANG_CXX_LANGUAGE_STANDARD = "gnu++14";
				CLANG_CXX_LIBRARY = "libc++";
				CLANG_ENABLE_MODULES = YES;
				CLANG_ENABLE_OBJC_ARC = YES;
				CLANG_ENABLE_OBJC_WEAK = YES;
				CLANG_WARN_BLOCK_CAPTURE_AUTORELEASING = YES;
				CLANG_WARN_BOOL_CONVERSION = YES;
				CLANG_WARN_COMMA = YES;
				CLANG_WARN_CONSTANT_CONVERSION = YES;
				CLANG_WARN_DEPRECATED_OBJC_IMPLEMENTATIONS = YES;
				CLANG_WARN_DIRECT_OBJC_ISA_USAGE = YES_ERROR;
				CLANG_WARN_DOCUMENTATION_COMMENTS = YES;
				CLANG_WARN_EMPTY_BODY = YES;
				CLANG_WARN_ENUM_CONVERSION = YES;
				CLANG_WARN_INFINITE_RECURSION = YES;
				CLANG_WARN_INT_CONVERSION = YES;
				CLANG_WARN_NON_LITERAL_NULL_CONVERSION = YES;
				CLANG_WARN_OBJC_IMPLICIT_RETAIN_SELF = YES;
				CLANG_WARN_OBJC_LITERAL_CONVERSION = YES;
				CLANG_WARN_OBJC_ROOT_CLASS = YES_ERROR;
				CLANG_WARN_RANGE_LOOP_ANALYSIS = YES;
				CLANG_WARN_STRICT_PROTOTYPES = YES;
				CLANG_WARN_SUSPICIOUS_MOVE = YES;
				CLANG_WARN_UNGUARDED_AVAILABILITY = YES_AGGRESSIVE;
				CLANG_WARN_UNREACHABLE_CODE = YES;
				CLANG_WARN__DUPLICATE_METHOD_MATCH = YES;
				CODE_SIGN_IDENTITY = "iPhone Developer";
				COPY_PHASE_STRIP = NO;
				DEBUG_INFORMATION_FORMAT = dwarf;
				ENABLE_STRICT_OBJC_MSGSEND = YES;
				ENABLE_TESTABILITY = YES;
				GCC_C_LANGUAGE_STANDARD = gnu11;
				GCC_DYNAMIC_NO_PIC = NO;
				GCC_NO_COMMON_BLOCKS = YES;
				GCC_OPTIMIZATION_LEVEL = 0;
				GCC_PREPROCESSOR_DEFINITIONS = (
					"DEBUG=1",
					"$(inherited)",
				);
				GCC_WARN_64_TO_32_BIT_CONVERSION = YES;
				GCC_WARN_ABOUT_RETURN_TYPE = YES_ERROR;
				GCC_WARN_UNDECLARED_SELECTOR = YES;
				GCC_WARN_UNINITIALIZED_AUTOS = YES_AGGRESSIVE;
				GCC_WARN_UNUSED_FUNCTION = YES;
				GCC_WARN_UNUSED_VARIABLE = YES;
				IPHONEOS_DEPLOYMENT_TARGET = 12.0;
				MTL_ENABLE_DEBUG_INFO = INCLUDE_SOURCE;
				MTL_FAST_MATH = YES;
				ONLY_ACTIVE_ARCH = YES;
				SDKROOT = iphoneos;
				SWIFT_ACTIVE_COMPILATION_CONDITIONS = DEBUG;
				SWIFT_OPTIMIZATION_LEVEL = "-Onone";
			};
			name = Debug;
		};
		E79B1F142108534A008FB53F /* Release */ = {
			isa = XCBuildConfiguration;
			buildSettings = {
				ALWAYS_SEARCH_USER_PATHS = NO;
				CLANG_ANALYZER_NONNULL = YES;
				CLANG_ANALYZER_NUMBER_OBJECT_CONVERSION = YES_AGGRESSIVE;
				CLANG_CXX_LANGUAGE_STANDARD = "gnu++14";
				CLANG_CXX_LIBRARY = "libc++";
				CLANG_ENABLE_MODULES = YES;
				CLANG_ENABLE_OBJC_ARC = YES;
				CLANG_ENABLE_OBJC_WEAK = YES;
				CLANG_WARN_BLOCK_CAPTURE_AUTORELEASING = YES;
				CLANG_WARN_BOOL_CONVERSION = YES;
				CLANG_WARN_COMMA = YES;
				CLANG_WARN_CONSTANT_CONVERSION = YES;
				CLANG_WARN_DEPRECATED_OBJC_IMPLEMENTATIONS = YES;
				CLANG_WARN_DIRECT_OBJC_ISA_USAGE = YES_ERROR;
				CLANG_WARN_DOCUMENTATION_COMMENTS = YES;
				CLANG_WARN_EMPTY_BODY = YES;
				CLANG_WARN_ENUM_CONVERSION = YES;
				CLANG_WARN_INFINITE_RECURSION = YES;
				CLANG_WARN_INT_CONVERSION = YES;
				CLANG_WARN_NON_LITERAL_NULL_CONVERSION = YES;
				CLANG_WARN_OBJC_IMPLICIT_RETAIN_SELF = YES;
				CLANG_WARN_OBJC_LITERAL_CONVERSION = YES;
				CLANG_WARN_OBJC_ROOT_CLASS = YES_ERROR;
				CLANG_WARN_RANGE_LOOP_ANALYSIS = YES;
				CLANG_WARN_STRICT_PROTOTYPES = YES;
				CLANG_WARN_SUSPICIOUS_MOVE = YES;
				CLANG_WARN_UNGUARDED_AVAILABILITY = YES_AGGRESSIVE;
				CLANG_WARN_UNREACHABLE_CODE = YES;
				CLANG_WARN__DUPLICATE_METHOD_MATCH = YES;
				CODE_SIGN_IDENTITY = "iPhone Developer";
				COPY_PHASE_STRIP = NO;
				DEBUG_INFORMATION_FORMAT = "dwarf-with-dsym";
				ENABLE_NS_ASSERTIONS = NO;
				ENABLE_STRICT_OBJC_MSGSEND = YES;
				GCC_C_LANGUAGE_STANDARD = gnu11;
				GCC_NO_COMMON_BLOCKS = YES;
				GCC_WARN_64_TO_32_BIT_CONVERSION = YES;
				GCC_WARN_ABOUT_RETURN_TYPE = YES_ERROR;
				GCC_WARN_UNDECLARED_SELECTOR = YES;
				GCC_WARN_UNINITIALIZED_AUTOS = YES_AGGRESSIVE;
				GCC_WARN_UNUSED_FUNCTION = YES;
				GCC_WARN_UNUSED_VARIABLE = YES;
				IPHONEOS_DEPLOYMENT_TARGET = 12.0;
				MTL_ENABLE_DEBUG_INFO = NO;
				MTL_FAST_MATH = YES;
				SDKROOT = iphoneos;
				SWIFT_COMPILATION_MODE = wholemodule;
				SWIFT_OPTIMIZATION_LEVEL = "-O";
				VALIDATE_PRODUCT = YES;
			};
			name = Release;
		};
		E79B1F162108534A008FB53F /* Debug */ = {
			isa = XCBuildConfiguration;
			buildSettings = {
				ASSETCATALOG_COMPILER_APPICON_NAME = AppIcon;
				CODE_SIGN_STYLE = Automatic;
				DEVELOPMENT_TEAM = DPPRCK5VXT;
				INFOPLIST_FILE = "3-2/Info.plist";
				LD_RUNPATH_SEARCH_PATHS = (
					"$(inherited)",
					"@executable_path/Frameworks",
				);
				PRODUCT_BUNDLE_IDENTIFIER = com.yhmtkj.property;
				PRODUCT_NAME = "$(TARGET_NAME)";
				SWIFT_VERSION = 4.2;
				TARGETED_DEVICE_FAMILY = "1,2";
			};
			name = Debug;
		};
		E79B1F172108534A008FB53F /* Release */ = {
			isa = XCBuildConfiguration;
			buildSettings = {
				ASSETCATALOG_COMPILER_APPICON_NAME = AppIcon;
				CODE_SIGN_STYLE = Automatic;
				DEVELOPMENT_TEAM = DPPRCK5VXT;
				INFOPLIST_FILE = "3-2/Info.plist";
				LD_RUNPATH_SEARCH_PATHS = (
					"$(inherited)",
					"@executable_path/Frameworks",
				);
				PRODUCT_BUNDLE_IDENTIFIER = com.yhmtkj.property;
				PRODUCT_NAME = "$(TARGET_NAME)";
				SWIFT_VERSION = 4.2;
				TARGETED_DEVICE_FAMILY = "1,2";
			};
			name = Release;
		};
/* End XCBuildConfiguration section */

/* Begin XCConfigurationList section */
		E79B1EF82108534A008FB53F /* Build configuration list for PBXProject "3-2" */ = {
			isa = XCConfigurationList;
			buildConfigurations = (
				E79B1F132108534A008FB53F /* Debug */,
				E79B1F142108534A008FB53F /* Release */,
			);
			defaultConfigurationIsVisible = 0;
			defaultConfigurationName = Release;
		};
		E79B1F152108534A008FB53F /* Build configuration list for PBXNativeTarget "3-2" */ = {
			isa = XCConfigurationList;
			buildConfigurations = (
				E79B1F162108534A008FB53F /* Debug */,
				E79B1F172108534A008FB53F /* Release */,
			);
			defaultConfigurationIsVisible = 0;
			defaultConfigurationName = Release;
		};
/* End XCConfigurationList section */
	};
	rootObject = E79B1EF52108534A008FB53F /* Project object */;
}
