// !$*UTF8*$!
{
	archiveVersion = 1;
	classes = {
	};
	objectVersion = 50;
	objects = {

/* Begin PBXBuildFile section */
		E73D6EA5210B441400A90222 /* AppDelegate.swift in Sources */ = {isa = PBXBuildFile; fileRef = E73D6EA4210B441400A90222 /* AppDelegate.swift */; };
		E73D6EA7210B441400A90222 /* GameScene.sks in Resources */ = {isa = PBXBuildFile; fileRef = E73D6EA6210B441400A90222 /* GameScene.sks */; };
		E73D6EA9210B441400A90222 /* Actions.sks in Resources */ = {isa = PBXBuildFile; fileRef = E73D6EA8210B441400A90222 /* Actions.sks */; };
		E73D6EAB210B441400A90222 /* GameScene.swift in Sources */ = {isa = PBXBuildFile; fileRef = E73D6EAA210B441400A90222 /* GameScene.swift */; };
		E73D6EAD210B441400A90222 /* GameViewController.swift in Sources */ = {isa = PBXBuildFile; fileRef = E73D6EAC210B441400A90222 /* GameViewController.swift */; };
		E73D6EB0210B441400A90222 /* Main.storyboard in Resources */ = {isa = PBXBuildFile; fileRef = E73D6EAE210B441400A90222 /* Main.storyboard */; };
		E73D6EB2210B441500A90222 /* Assets.xcassets in Resources */ = {isa = PBXBuildFile; fileRef = E73D6EB1210B441500A90222 /* Assets.xcassets */; };
		E73D6EB5210B441500A90222 /* LaunchScreen.storyboard in Resources */ = {isa = PBXBuildFile; fileRef = E73D6EB3210B441500A90222 /* LaunchScreen.storyboard */; };
/* End PBXBuildFile section */

/* Begin PBXFileReference section */
		E73D6EA1210B441400A90222 /* 9-1.app */ = {isa = PBXFileReference; explicitFileType = wrapper.application; includeInIndex = 0; path = "9-1.app"; sourceTree = BUILT_PRODUCTS_DIR; };
		E73D6EA4210B441400A90222 /* AppDelegate.swift */ = {isa = PBXFileReference; lastKnownFileType = sourcecode.swift; path = AppDelegate.swift; sourceTree = "<group>"; };
		E73D6EA6210B441400A90222 /* GameScene.sks */ = {isa = PBXFileReference; lastKnownFileType = file.sks; path = GameScene.sks; sourceTree = "<group>"; };
		E73D6EA8210B441400A90222 /* Actions.sks */ = {isa = PBXFileReference; lastKnownFileType = file.sks; path = Actions.sks; sourceTree = "<group>"; };
		E73D6EAA210B441400A90222 /* GameScene.swift */ = {isa = PBXFileReference; lastKnownFileType = sourcecode.swift; path = GameScene.swift; sourceTree = "<group>"; };
		E73D6EAC210B441400A90222 /* GameViewController.swift */ = {isa = PBXFileReference; lastKnownFileType = sourcecode.swift; path = GameViewController.swift; sourceTree = "<group>"; };
		E73D6EAF210B441400A90222 /* Base */ = {isa = PBXFileReference; lastKnownFileType = file.storyboard; name = Base; path = Base.lproj/Main.storyboard; sourceTree = "<group>"; };
		E73D6EB1210B441500A90222 /* Assets.xcassets */ = {isa = PBXFileReference; lastKnownFileType = folder.assetcatalog; path = Assets.xcassets; sourceTree = "<group>"; };
		E73D6EB4210B441500A90222 /* Base */ = {isa = PBXFileReference; lastKnownFileType = file.storyboard; name = Base; path = Base.lproj/LaunchScreen.storyboard; sourceTree = "<group>"; };
		E73D6EB6210B441500A90222 /* Info.plist */ = {isa = PBXFileReference; lastKnownFileType = text.plist.xml; path = Info.plist; sourceTree = "<group>"; };
/* End PBXFileReference section */

/* Begin PBXFrameworksBuildPhase section */
		E73D6E9E210B441400A90222 /* Frameworks */ = {
			isa = PBXFrameworksBuildPhase;
			buildActionMask = 2147483647;
			files = (
			);
			runOnlyForDeploymentPostprocessing = 0;
		};
/* End PBXFrameworksBuildPhase section */

/* Begin PBXGroup section */
		E73D6E98210B441400A90222 = {
			isa = PBXGroup;
			children = (
				E73D6EA3210B441400A90222 /* 9-1 */,
				E73D6EA2210B441400A90222 /* Products */,
			);
			sourceTree = "<group>";
		};
		E73D6EA2210B441400A90222 /* Products */ = {
			isa = PBXGroup;
			children = (
				E73D6EA1210B441400A90222 /* 9-1.app */,
			);
			name = Products;
			sourceTree = "<group>";
		};
		E73D6EA3210B441400A90222 /* 9-1 */ = {
			isa = PBXGroup;
			children = (
				E73D6EA4210B441400A90222 /* AppDelegate.swift */,
				E73D6EA6210B441400A90222 /* GameScene.sks */,
				E73D6EA8210B441400A90222 /* Actions.sks */,
				E73D6EAA210B441400A90222 /* GameScene.swift */,
				E73D6EAC210B441400A90222 /* GameViewController.swift */,
				E73D6EAE210B441400A90222 /* Main.storyboard */,
				E73D6EB1210B441500A90222 /* Assets.xcassets */,
				E73D6EB3210B441500A90222 /* LaunchScreen.storyboard */,
				E73D6EB6210B441500A90222 /* Info.plist */,
			);
			path = "9-1";
			sourceTree = "<group>";
		};
/* End PBXGroup section */

/* Begin PBXNativeTarget section */
		E73D6EA0210B441400A90222 /* 9-1 */ = {
			isa = PBXNativeTarget;
			buildConfigurationList = E73D6EB9210B441500A90222 /* Build configuration list for PBXNativeTarget "9-1" */;
			buildPhases = (
				E73D6E9D210B441400A90222 /* Sources */,
				E73D6E9E210B441400A90222 /* Frameworks */,
				E73D6E9F210B441400A90222 /* Resources */,
			);
			buildRules = (
			);
			dependencies = (
			);
			name = "9-1";
			productName = "9-1";
			productReference = E73D6EA1210B441400A90222 /* 9-1.app */;
			productType = "com.apple.product-type.application";
		};
/* End PBXNativeTarget section */

/* Begin PBXProject section */
		E73D6E99210B441400A90222 /* Project object */ = {
			isa = PBXProject;
			attributes = {
				LastSwiftUpdateCheck = 1000;
				LastUpgradeCheck = 1000;
				ORGANIZATIONNAME = gmy;
				TargetAttributes = {
					E73D6EA0210B441400A90222 = {
						CreatedOnToolsVersion = 10.0;
					};
				};
			};
			buildConfigurationList = E73D6E9C210B441400A90222 /* Build configuration list for PBXProject "9-1" */;
			compatibilityVersion = "Xcode 9.3";
			developmentRegion = en;
			hasScannedForEncodings = 0;
			knownRegions = (
				en,
				Base,
			);
			mainGroup = E73D6E98210B441400A90222;
			productRefGroup = E73D6EA2210B441400A90222 /* Products */;
			projectDirPath = "";
			projectRoot = "";
			targets = (
				E73D6EA0210B441400A90222 /* 9-1 */,
			);
		};
/* End PBXProject section */

/* Begin PBXResourcesBuildPhase section */
		E73D6E9F210B441400A90222 /* Resources */ = {
			isa = PBXResourcesBuildPhase;
			buildActionMask = 2147483647;
			files = (
				E73D6EB0210B441400A90222 /* Main.storyboard in Resources */,
				E73D6EA7210B441400A90222 /* GameScene.sks in Resources */,
				E73D6EB2210B441500A90222 /* Assets.xcassets in Resources */,
				E73D6EB5210B441500A90222 /* LaunchScreen.storyboard in Resources */,
				E73D6EA9210B441400A90222 /* Actions.sks in Resources */,
			);
			runOnlyForDeploymentPostprocessing = 0;
		};
/* End PBXResourcesBuildPhase section */

/* Begin PBXSourcesBuildPhase section */
		E73D6E9D210B441400A90222 /* Sources */ = {
			isa = PBXSourcesBuildPhase;
			buildActionMask = 2147483647;
			files = (
				E73D6EAB210B441400A90222 /* GameScene.swift in Sources */,
				E73D6EAD210B441400A90222 /* GameViewController.swift in Sources */,
				E73D6EA5210B441400A90222 /* AppDelegate.swift in Sources */,
			);
			runOnlyForDeploymentPostprocessing = 0;
		};
/* End PBXSourcesBuildPhase section */

/* Begin PBXVariantGroup section */
		E73D6EAE210B441400A90222 /* Main.storyboard */ = {
			isa = PBXVariantGroup;
			children = (
				E73D6EAF210B441400A90222 /* Base */,
			);
			name = Main.storyboard;
			sourceTree = "<group>";
		};
		E73D6EB3210B441500A90222 /* LaunchScreen.storyboard */ = {
			isa = PBXVariantGroup;
			children = (
				E73D6EB4210B441500A90222 /* Base */,
			);
			name = LaunchScreen.storyboard;
			sourceTree = "<group>";
		};
/* End PBXVariantGroup section */

/* Begin XCBuildConfiguration section */
		E73D6EB7210B441500A90222 /* Debug */ = {
			isa = XCBuildConfiguration;
			buildSettings = {
				ALWAYS_SEARCH_USER_PATHS = NO;
				CLANG_ANALYZER_NONNULL = YES;
				CLANG_ANALYZER_NUMBER_OBJECT_CONVERSION = YES_AGGRESSIVE;
				CLANG_CXX_LANGUAGE_STANDARD = "gnu++14";
				CLANG_CXX_LIBRARY = "libc++";
				CLANG_ENABLE_MODULES = YES;
				CLANG_ENABLE_OBJC_ARC = YES;
				CLANG_ENABLE_OBJC_WEAK = YES;
				CLANG_WARN_BLOCK_CAPTURE_AUTORELEASING = YES;
				CLANG_WARN_BOOL_CONVERSION = YES;
				CLANG_WARN_COMMA = YES;
				CLANG_WARN_CONSTANT_CONVERSION = YES;
				CLANG_WARN_DEPRECATED_OBJC_IMPLEMENTATIONS = YES;
				CLANG_WARN_DIRECT_OBJC_ISA_USAGE = YES_ERROR;
				CLANG_WARN_DOCUMENTATION_COMMENTS = YES;
				CLANG_WARN_EMPTY_BODY = YES;
				CLANG_WARN_ENUM_CONVERSION = YES;
				CLANG_WARN_INFINITE_RECURSION = YES;
				CLANG_WARN_INT_CONVERSION = YES;
				CLANG_WARN_NON_LITERAL_NULL_CONVERSION = YES;
				CLANG_WARN_OBJC_IMPLICIT_RETAIN_SELF = YES;
				CLANG_WARN_OBJC_LITERAL_CONVERSION = YES;
				CLANG_WARN_OBJC_ROOT_CLASS = YES_ERROR;
				CLANG_WARN_RANGE_LOOP_ANALYSIS = YES;
				CLANG_WARN_STRICT_PROTOTYPES = YES;
				CLANG_WARN_SUSPICIOUS_MOVE = YES;
				CLANG_WARN_UNGUARDED_AVAILABILITY = YES_AGGRESSIVE;
				CLANG_WARN_UNREACHABLE_CODE = YES;
				CLANG_WARN__DUPLICATE_METHOD_MATCH = YES;
				CODE_SIGN_IDENTITY = "iPhone Developer";
				COPY_PHASE_STRIP = NO;
				DEBUG_INFORMATION_FORMAT = dwarf;
				ENABLE_STRICT_OBJC_MSGSEND = YES;
				ENABLE_TESTABILITY = YES;
				GCC_C_LANGUAGE_STANDARD = gnu11;
				GCC_DYNAMIC_NO_PIC = NO;
				GCC_NO_COMMON_BLOCKS = YES;
				GCC_OPTIMIZATION_LEVEL = 0;
				GCC_PREPROCESSOR_DEFINITIONS = (
					"DEBUG=1",
					"$(inherited)",
				);
				GCC_WARN_64_TO_32_BIT_CONVERSION = YES;
				GCC_WARN_ABOUT_RETURN_TYPE = YES_ERROR;
				GCC_WARN_UNDECLARED_SELECTOR = YES;
				GCC_WARN_UNINITIALIZED_AUTOS = YES_AGGRESSIVE;
				GCC_WARN_UNUSED_FUNCTION = YES;
				GCC_WARN_UNUSED_VARIABLE = YES;
				IPHONEOS_DEPLOYMENT_TARGET = 12.0;
				MTL_ENABLE_DEBUG_INFO = INCLUDE_SOURCE;
				MTL_FAST_MATH = YES;
				ONLY_ACTIVE_ARCH = YES;
				SDKROOT = iphoneos;
				SWIFT_ACTIVE_COMPILATION_CONDITIONS = DEBUG;
				SWIFT_OPTIMIZATION_LEVEL = "-Onone";
			};
			name = Debug;
		};
		E73D6EB8210B441500A90222 /* Release */ = {
			isa = XCBuildConfiguration;
			buildSettings = {
				ALWAYS_SEARCH_USER_PATHS = NO;
				CLANG_ANALYZER_NONNULL = YES;
				CLANG_ANALYZER_NUMBER_OBJECT_CONVERSION = YES_AGGRESSIVE;
				CLANG_CXX_LANGUAGE_STANDARD = "gnu++14";
				CLANG_CXX_LIBRARY = "libc++";
				CLANG_ENABLE_MODULES = YES;
				CLANG_ENABLE_OBJC_ARC = YES;
				CLANG_ENABLE_OBJC_WEAK = YES;
				CLANG_WARN_BLOCK_CAPTURE_AUTORELEASING = YES;
				CLANG_WARN_BOOL_CONVERSION = YES;
				CLANG_WARN_COMMA = YES;
				CLANG_WARN_CONSTANT_CONVERSION = YES;
				CLANG_WARN_DEPRECATED_OBJC_IMPLEMENTATIONS = YES;
				CLANG_WARN_DIRECT_OBJC_ISA_USAGE = YES_ERROR;
				CLANG_WARN_DOCUMENTATION_COMMENTS = YES;
				CLANG_WARN_EMPTY_BODY = YES;
				CLANG_WARN_ENUM_CONVERSION = YES;
				CLANG_WARN_INFINITE_RECURSION = YES;
				CLANG_WARN_INT_CONVERSION = YES;
				CLANG_WARN_NON_LITERAL_NULL_CONVERSION = YES;
				CLANG_WARN_OBJC_IMPLICIT_RETAIN_SELF = YES;
				CLANG_WARN_OBJC_LITERAL_CONVERSION = YES;
				CLANG_WARN_OBJC_ROOT_CLASS = YES_ERROR;
				CLANG_WARN_RANGE_LOOP_ANALYSIS = YES;
				CLANG_WARN_STRICT_PROTOTYPES = YES;
				CLANG_WARN_SUSPICIOUS_MOVE = YES;
				CLANG_WARN_UNGUARDED_AVAILABILITY = YES_AGGRESSIVE;
				CLANG_WARN_UNREACHABLE_CODE = YES;
				CLANG_WARN__DUPLICATE_METHOD_MATCH = YES;
				CODE_SIGN_IDENTITY = "iPhone Developer";
				COPY_PHASE_STRIP = NO;
				DEBUG_INFORMATION_FORMAT = "dwarf-with-dsym";
				ENABLE_NS_ASSERTIONS = NO;
				ENABLE_STRICT_OBJC_MSGSEND = YES;
				GCC_C_LANGUAGE_STANDARD = gnu11;
				GCC_NO_COMMON_BLOCKS = YES;
				GCC_WARN_64_TO_32_BIT_CONVERSION = YES;
				GCC_WARN_ABOUT_RETURN_TYPE = YES_ERROR;
				GCC_WARN_UNDECLARED_SELECTOR = YES;
				GCC_WARN_UNINITIALIZED_AUTOS = YES_AGGRESSIVE;
				GCC_WARN_UNUSED_FUNCTION = YES;
				GCC_WARN_UNUSED_VARIABLE = YES;
				IPHONEOS_DEPLOYMENT_TARGET = 12.0;
				MTL_ENABLE_DEBUG_INFO = NO;
				MTL_FAST_MATH = YES;
				SDKROOT = iphoneos;
				SWIFT_COMPILATION_MODE = wholemodule;
				SWIFT_OPTIMIZATION_LEVEL = "-O";
				VALIDATE_PRODUCT = YES;
			};
			name = Release;
		};
		E73D6EBA210B441500A90222 /* Debug */ = {
			isa = XCBuildConfiguration;
			buildSettings = {
				ASSETCATALOG_COMPILER_APPICON_NAME = AppIcon;
				CODE_SIGN_STYLE = Automatic;
				DEVELOPMENT_TEAM = DPPRCK5VXT;
				INFOPLIST_FILE = "9-1/Info.plist";
				LD_RUNPATH_SEARCH_PATHS = (
					"$(inherited)",
					"@executable_path/Frameworks",
				);
				PRODUCT_BUNDLE_IDENTIFIER = com.yhmtkj.property;
				PRODUCT_NAME = "$(TARGET_NAME)";
				SWIFT_VERSION = 4.2;
				TARGETED_DEVICE_FAMILY = "1,2";
			};
			name = Debug;
		};
		E73D6EBB210B441500A90222 /* Release */ = {
			isa = XCBuildConfiguration;
			buildSettings = {
				ASSETCATALOG_COMPILER_APPICON_NAME = AppIcon;
				CODE_SIGN_STYLE = Automatic;
				DEVELOPMENT_TEAM = DPPRCK5VXT;
				INFOPLIST_FILE = "9-1/Info.plist";
				LD_RUNPATH_SEARCH_PATHS = (
					"$(inherited)",
					"@executable_path/Frameworks",
				);
				PRODUCT_BUNDLE_IDENTIFIER = com.yhmtkj.property;
				PRODUCT_NAME = "$(TARGET_NAME)";
				SWIFT_VERSION = 4.2;
				TARGETED_DEVICE_FAMILY = "1,2";
			};
			name = Release;
		};
/* End XCBuildConfiguration section */

/* Begin XCConfigurationList section */
		E73D6E9C210B441400A90222 /* Build configuration list for PBXProject "9-1" */ = {
			isa = XCConfigurationList;
			buildConfigurations = (
				E73D6EB7210B441500A90222 /* Debug */,
				E73D6EB8210B441500A90222 /* Release */,
			);
			defaultConfigurationIsVisible = 0;
			defaultConfigurationName = Release;
		};
		E73D6EB9210B441500A90222 /* Build configuration list for PBXNativeTarget "9-1" */ = {
			isa = XCConfigurationList;
			buildConfigurations = (
				E73D6EBA210B441500A90222 /* Debug */,
				E73D6EBB210B441500A90222 /* Release */,
			);
			defaultConfigurationIsVisible = 0;
			defaultConfigurationName = Release;
		};
/* End XCConfigurationList section */
	};
	rootObject = E73D6E99210B441400A90222 /* Project object */;
}
